
Microsoft Visual Studio Solution File, Format Version 12.00
# Visual Studio Version 17
VisualStudioVersion = 17.0.31903.59
MinimumVisualStudioVersion = 10.0.40219.1
Project("{2150E333-8FDC-42A3-9474-1A3956D46DE8}") = "src", "src", "{827E0CD3-B72D-47B6-A68D-7590B98EB39B}"
EndProject
Project("{FAE04EC0-301F-11D3-BF4B-00C04F79EFBC}") = "EZSpeedTest.Domain", "src\EZSpeedTest.Domain\EZSpeedTest.Domain.csproj", "{FF5CCE28-EBDC-4F20-96EA-B46B93EEB098}"
EndProject
Project("{FAE04EC0-301F-11D3-BF4B-00C04F79EFBC}") = "EZSpeedTest.Application", "src\EZSpeedTest.Application\EZSpeedTest.Application.csproj", "{6B243341-269B-4D40-907B-8EC08991E746}"
EndProject
Project("{FAE04EC0-301F-11D3-BF4B-00C04F79EFBC}") = "EZSpeedTest.Infrastructure", "src\EZSpeedTest.Infrastructure\EZSpeedTest.Infrastructure.csproj", "{9DD1FF34-4FF6-4899-AAF0-6559E7B61700}"
EndProject
Project("{FAE04EC0-301F-11D3-BF4B-00C04F79EFBC}") = "EZSpeedTest.Api", "src\EZSpeedTest.Api\EZSpeedTest.Api.csproj", "{95A12B58-B2D0-490F-8F9B-F0B6A8BD1538}"
EndProject
Project("{2150E333-8FDC-42A3-9474-1A3956D46DE8}") = "tests", "tests", "{0AB3BF05-4346-4AA6-1389-037BE0695223}"
EndProject
Project("{FAE04EC0-301F-11D3-BF4B-00C04F79EFBC}") = "EZSpeedTest.Tests", "tests\EZSpeedTest.Tests\EZSpeedTest.Tests.csproj", "{246F8A14-5FA9-4B8B-85F3-1FACC1151C59}"
EndProject
Global
	GlobalSection(SolutionConfigurationPlatforms) = preSolution
		Debug|Any CPU = Debug|Any CPU
		Debug|x64 = Debug|x64
		Debug|x86 = Debug|x86
		Release|Any CPU = Release|Any CPU
		Release|x64 = Release|x64
		Release|x86 = Release|x86
	EndGlobalSection
	GlobalSection(ProjectConfigurationPlatforms) = postSolution
		{FF5CCE28-EBDC-4F20-96EA-B46B93EEB098}.Debug|Any CPU.ActiveCfg = Debug|Any CPU
		{FF5CCE28-EBDC-4F20-96EA-B46B93EEB098}.Debug|Any CPU.Build.0 = Debug|Any CPU
		{FF5CCE28-EBDC-4F20-96EA-B46B93EEB098}.Debug|x64.ActiveCfg = Debug|Any CPU
		{FF5CCE28-EBDC-4F20-96EA-B46B93EEB098}.Debug|x64.Build.0 = Debug|Any CPU
		{FF5CCE28-EBDC-4F20-96EA-B46B93EEB098}.Debug|x86.ActiveCfg = Debug|Any CPU
		{FF5CCE28-EBDC-4F20-96EA-B46B93EEB098}.Debug|x86.Build.0 = Debug|Any CPU
		{FF5CCE28-EBDC-4F20-96EA-B46B93EEB098}.Release|Any CPU.ActiveCfg = Release|Any CPU
		{FF5CCE28-EBDC-4F20-96EA-B46B93EEB098}.Release|Any CPU.Build.0 = Release|Any CPU
		{FF5CCE28-EBDC-4F20-96EA-B46B93EEB098}.Release|x64.ActiveCfg = Release|Any CPU
		{FF5CCE28-EBDC-4F20-96EA-B46B93EEB098}.Release|x64.Build.0 = Release|Any CPU
		{FF5CCE28-EBDC-4F20-96EA-B46B93EEB098}.Release|x86.ActiveCfg = Release|Any CPU
		{FF5CCE28-EBDC-4F20-96EA-B46B93EEB098}.Release|x86.Build.0 = Release|Any CPU
		{6B243341-269B-4D40-907B-8EC08991E746}.Debug|Any CPU.ActiveCfg = Debug|Any CPU
		{6B243341-269B-4D40-907B-8EC08991E746}.Debug|Any CPU.Build.0 = Debug|Any CPU
		{6B243341-269B-4D40-907B-8EC08991E746}.Debug|x64.ActiveCfg = Debug|Any CPU
		{6B243341-269B-4D40-907B-8EC08991E746}.Debug|x64.Build.0 = Debug|Any CPU
		{6B243341-269B-4D40-907B-8EC08991E746}.Debug|x86.ActiveCfg = Debug|Any CPU
		{6B243341-269B-4D40-907B-8EC08991E746}.Debug|x86.Build.0 = Debug|Any CPU
		{6B243341-269B-4D40-907B-8EC08991E746}.Release|Any CPU.ActiveCfg = Release|Any CPU
		{6B243341-269B-4D40-907B-8EC08991E746}.Release|Any CPU.Build.0 = Release|Any CPU
		{6B243341-269B-4D40-907B-8EC08991E746}.Release|x64.ActiveCfg = Release|Any CPU
		{6B243341-269B-4D40-907B-8EC08991E746}.Release|x64.Build.0 = Release|Any CPU
		{6B243341-269B-4D40-907B-8EC08991E746}.Release|x86.ActiveCfg = Release|Any CPU
		{6B243341-269B-4D40-907B-8EC08991E746}.Release|x86.Build.0 = Release|Any CPU
		{9DD1FF34-4FF6-4899-AAF0-6559E7B61700}.Debug|Any CPU.ActiveCfg = Debug|Any CPU
		{9DD1FF34-4FF6-4899-AAF0-6559E7B61700}.Debug|Any CPU.Build.0 = Debug|Any CPU
		{9DD1FF34-4FF6-4899-AAF0-6559E7B61700}.Debug|x64.ActiveCfg = Debug|Any CPU
		{9DD1FF34-4FF6-4899-AAF0-6559E7B61700}.Debug|x64.Build.0 = Debug|Any CPU
		{9DD1FF34-4FF6-4899-AAF0-6559E7B61700}.Debug|x86.ActiveCfg = Debug|Any CPU
		{9DD1FF34-4FF6-4899-AAF0-6559E7B61700}.Debug|x86.Build.0 = Debug|Any CPU
		{9DD1FF34-4FF6-4899-AAF0-6559E7B61700}.Release|Any CPU.ActiveCfg = Release|Any CPU
		{9DD1FF34-4FF6-4899-AAF0-6559E7B61700}.Release|Any CPU.Build.0 = Release|Any CPU
		{9DD1FF34-4FF6-4899-AAF0-6559E7B61700}.Release|x64.ActiveCfg = Release|Any CPU
		{9DD1FF34-4FF6-4899-AAF0-6559E7B61700}.Release|x64.Build.0 = Release|Any CPU
		{9DD1FF34-4FF6-4899-AAF0-6559E7B61700}.Release|x86.ActiveCfg = Release|Any CPU
		{9DD1FF34-4FF6-4899-AAF0-6559E7B61700}.Release|x86.Build.0 = Release|Any CPU
		{95A12B58-B2D0-490F-8F9B-F0B6A8BD1538}.Debug|Any CPU.ActiveCfg = Debug|Any CPU
		{95A12B58-B2D0-490F-8F9B-F0B6A8BD1538}.Debug|Any CPU.Build.0 = Debug|Any CPU
		{95A12B58-B2D0-490F-8F9B-F0B6A8BD1538}.Debug|x64.ActiveCfg = Debug|Any CPU
		{95A12B58-B2D0-490F-8F9B-F0B6A8BD1538}.Debug|x64.Build.0 = Debug|Any CPU
		{95A12B58-B2D0-490F-8F9B-F0B6A8BD1538}.Debug|x86.ActiveCfg = Debug|Any CPU
		{95A12B58-B2D0-490F-8F9B-F0B6A8BD1538}.Debug|x86.Build.0 = Debug|Any CPU
		{95A12B58-B2D0-490F-8F9B-F0B6A8BD1538}.Release|Any CPU.ActiveCfg = Release|Any CPU
		{95A12B58-B2D0-490F-8F9B-F0B6A8BD1538}.Release|Any CPU.Build.0 = Release|Any CPU
		{95A12B58-B2D0-490F-8F9B-F0B6A8BD1538}.Release|x64.ActiveCfg = Release|Any CPU
		{95A12B58-B2D0-490F-8F9B-F0B6A8BD1538}.Release|x64.Build.0 = Release|Any CPU
		{95A12B58-B2D0-490F-8F9B-F0B6A8BD1538}.Release|x86.ActiveCfg = Release|Any CPU
		{95A12B58-B2D0-490F-8F9B-F0B6A8BD1538}.Release|x86.Build.0 = Release|Any CPU
		{246F8A14-5FA9-4B8B-85F3-1FACC1151C59}.Debug|Any CPU.ActiveCfg = Debug|Any CPU
		{246F8A14-5FA9-4B8B-85F3-1FACC1151C59}.Debug|Any CPU.Build.0 = Debug|Any CPU
		{246F8A14-5FA9-4B8B-85F3-1FACC1151C59}.Debug|x64.ActiveCfg = Debug|Any CPU
		{246F8A14-5FA9-4B8B-85F3-1FACC1151C59}.Debug|x64.Build.0 = Debug|Any CPU
		{246F8A14-5FA9-4B8B-85F3-1FACC1151C59}.Debug|x86.ActiveCfg = Debug|Any CPU
		{246F8A14-5FA9-4B8B-85F3-1FACC1151C59}.Debug|x86.Build.0 = Debug|Any CPU
		{246F8A14-5FA9-4B8B-85F3-1FACC1151C59}.Release|Any CPU.ActiveCfg = Release|Any CPU
		{246F8A14-5FA9-4B8B-85F3-1FACC1151C59}.Release|Any CPU.Build.0 = Release|Any CPU
		{246F8A14-5FA9-4B8B-85F3-1FACC1151C59}.Release|x64.ActiveCfg = Release|Any CPU
		{246F8A14-5FA9-4B8B-85F3-1FACC1151C59}.Release|x64.Build.0 = Release|Any CPU
		{246F8A14-5FA9-4B8B-85F3-1FACC1151C59}.Release|x86.ActiveCfg = Release|Any CPU
		{246F8A14-5FA9-4B8B-85F3-1FACC1151C59}.Release|x86.Build.0 = Release|Any CPU
	EndGlobalSection
	GlobalSection(SolutionProperties) = preSolution
		HideSolutionNode = FALSE
	EndGlobalSection
	GlobalSection(NestedProjects) = preSolution
		{FF5CCE28-EBDC-4F20-96EA-B46B93EEB098} = {827E0CD3-B72D-47B6-A68D-7590B98EB39B}
		{6B243341-269B-4D40-907B-8EC08991E746} = {827E0CD3-B72D-47B6-A68D-7590B98EB39B}
		{9DD1FF34-4FF6-4899-AAF0-6559E7B61700} = {827E0CD3-B72D-47B6-A68D-7590B98EB39B}
		{95A12B58-B2D0-490F-8F9B-F0B6A8BD1538} = {827E0CD3-B72D-47B6-A68D-7590B98EB39B}
		{246F8A14-5FA9-4B8B-85F3-1FACC1151C59} = {0AB3BF05-4346-4AA6-1389-037BE0695223}
	EndGlobalSection
EndGlobal
